
Microsoft Visual Studio Solution File, Format Version 12.00
# Visual Studio Version 17
VisualStudioVersion = 17.3.32811.315
MinimumVisualStudioVersion = 10.0.40219.1
Project("{FAE04EC0-301F-11D3-BF4B-00C04F79EFBC}") = "CalculadoraCMD", "CalculadoraCMD\CalculadoraCMD.csproj", "{66E1D58B-562B-4120-AA87-A4481CF38264}"
EndProject
Global
	GlobalSection(SolutionConfigurationPlatforms) = preSolution
		Debug|Any CPU = Debug|Any CPU
		Release|Any CPU = Release|Any CPU
	EndGlobalSection
	GlobalSection(ProjectConfigurationPlatforms) = postSolution
		{66E1D58B-562B-4120-AA87-A4481CF38264}.Debug|Any CPU.ActiveCfg = Debug|Any CPU
		{66E1D58B-562B-4120-AA87-A4481CF38264}.Debug|Any CPU.Build.0 = Debug|Any CPU
		{66E1D58B-562B-4120-AA87-A4481CF38264}.Release|Any CPU.ActiveCfg = Release|Any CPU
		{66E1D58B-562B-4120-AA87-A4481CF38264}.Release|Any CPU.Build.0 = Release|Any CPU
	EndGlobalSection
	GlobalSection(SolutionProperties) = preSolution
		HideSolutionNode = FALSE
	EndGlobalSection
	GlobalSection(ExtensibilityGlobals) = postSolution
		SolutionGuid = {D488DF6B-DC26-4592-94F8-4F74AB86318E}
	EndGlobalSection
EndGlobal
